# This file is automatically @generated by Poetry 1.7.0 and should not be changed by hand.

[[package]]
name = "annotated-types"
version = "0.6.0"
description = "Reusable constraint types to use with typing.Annotated"
optional = false
python-versions = ">=3.8"
files = [
    {file = "annotated_types-0.6.0-py3-none-any.whl", hash = "sha256:0641064de18ba7a25dee8f96403ebc39113d0cb953a01429249d5c7564666a43"},
    {file = "annotated_types-0.6.0.tar.gz", hash = "sha256:563339e807e53ffd9c267e99fc6d9ea23eb8443c08f112651963e24e22f84a5d"},
]

[[package]]
name = "anyio"
version = "4.0.0"
description = "High level compatibility layer for multiple asynchronous event loop implementations"
optional = false
python-versions = ">=3.8"
files = [
    {file = "anyio-4.0.0-py3-none-any.whl", hash = "sha256:cfdb2b588b9fc25ede96d8db56ed50848b0b649dca3dd1df0b11f683bb9e0b5f"},
    {file = "anyio-4.0.0.tar.gz", hash = "sha256:f7ed51751b2c2add651e5747c891b47e26d2a21be5d32d9311dfe9692f3e5d7a"},
]

[package.dependencies]
idna = ">=2.8"
sniffio = ">=1.1"

[package.extras]
doc = ["Sphinx (>=7)", "packaging", "sphinx-autodoc-typehints (>=1.2.0)"]
test = ["anyio[trio]", "coverage[toml] (>=7)", "hypothesis (>=4.0)", "psutil (>=5.9)", "pytest (>=7.0)", "pytest-mock (>=3.6.1)", "trustme", "uvloop (>=0.17)"]
trio = ["trio (>=0.22)"]

[[package]]
name = "apscheduler"
version = "3.10.4"
description = "In-process task scheduler with Cron-like capabilities"
optional = false
python-versions = ">=3.6"
files = [
    {file = "APScheduler-3.10.4-py3-none-any.whl", hash = "sha256:fb91e8a768632a4756a585f79ec834e0e27aad5860bac7eaa523d9ccefd87661"},
    {file = "APScheduler-3.10.4.tar.gz", hash = "sha256:e6df071b27d9be898e486bc7940a7be50b4af2e9da7c08f0744a96d4bd4cef4a"},
]

[package.dependencies]
pytz = "*"
six = ">=1.4.0"
tzlocal = ">=2.0,<3.dev0 || >=4.dev0"

[package.extras]
doc = ["sphinx", "sphinx-rtd-theme"]
gevent = ["gevent"]
mongodb = ["pymongo (>=3.0)"]
redis = ["redis (>=3.0)"]
rethinkdb = ["rethinkdb (>=2.4.0)"]
sqlalchemy = ["sqlalchemy (>=1.4)"]
testing = ["pytest", "pytest-asyncio", "pytest-cov", "pytest-tornado5"]
tornado = ["tornado (>=4.3)"]
twisted = ["twisted"]
zookeeper = ["kazoo"]

[[package]]
name = "certifi"
version = "2023.11.17"
description = "Python package for providing Mozilla's CA Bundle."
optional = false
python-versions = ">=3.6"
files = [
    {file = "certifi-2023.11.17-py3-none-any.whl", hash = "sha256:e036ab49d5b79556f99cfc2d9320b34cfbe5be05c5871b51de9329f0603b0474"},
    {file = "certifi-2023.11.17.tar.gz", hash = "sha256:9b469f3a900bf28dc19b8cfbf8019bf47f7fdd1a65a1d4ffb98fc14166beb4d1"},
]

[[package]]
name = "click"
version = "8.1.7"
description = "Composable command line interface toolkit"
optional = false
python-versions = ">=3.7"
files = [
    {file = "click-8.1.7-py3-none-any.whl", hash = "sha256:ae74fb96c20a0277a1d615f1e4d73c8414f5a98db8b799a7931d1582f3390c28"},
    {file = "click-8.1.7.tar.gz", hash = "sha256:ca9853ad459e787e2192211578cc907e7594e294c7ccc834310722b41b9ca6de"},
]

[package.dependencies]
colorama = {version = "*", markers = "platform_system == \"Windows\""}

[[package]]
name = "colorama"
version = "0.4.6"
description = "Cross-platform colored terminal text."
optional = false
python-versions = "!=3.0.*,!=3.1.*,!=3.2.*,!=3.3.*,!=3.4.*,!=3.5.*,!=3.6.*,>=2.7"
files = [
    {file = "colorama-0.4.6-py2.py3-none-any.whl", hash = "sha256:4f1d9991f5acc0ca119f9d443620b77f9d6b33703e51011c16baf57afb285fc6"},
    {file = "colorama-0.4.6.tar.gz", hash = "sha256:08695f5cb7ed6e0531a20572697297273c47b8cae5a63ffc6d6ed5c201be6e44"},
]

[[package]]
name = "fastapi"
version = "0.100.1"
description = "FastAPI framework, high performance, easy to learn, fast to code, ready for production"
optional = false
python-versions = ">=3.7"
files = [
    {file = "fastapi-0.100.1-py3-none-any.whl", hash = "sha256:ec6dd52bfc4eff3063cfcd0713b43c87640fefb2687bbbe3d8a08d94049cdf32"},
    {file = "fastapi-0.100.1.tar.gz", hash = "sha256:522700d7a469e4a973d92321ab93312448fbe20fca9c8da97effc7e7bc56df23"},
]

[package.dependencies]
pydantic = ">=1.7.4,<1.8 || >1.8,<1.8.1 || >1.8.1,<2.0.0 || >2.0.0,<2.0.1 || >2.0.1,<3.0.0"
starlette = ">=0.27.0,<0.28.0"
typing-extensions = ">=4.5.0"

[package.extras]
all = ["email-validator (>=2.0.0)", "httpx (>=0.23.0)", "itsdangerous (>=1.1.0)", "jinja2 (>=2.11.2)", "orjson (>=3.2.1)", "pydantic-extra-types (>=2.0.0)", "pydantic-settings (>=2.0.0)", "python-multipart (>=0.0.5)", "pyyaml (>=5.3.1)", "ujson (>=4.0.1,!=4.0.2,!=4.1.0,!=4.2.0,!=4.3.0,!=5.0.0,!=5.1.0)", "uvicorn[standard] (>=0.12.0)"]

[[package]]
name = "h11"
version = "0.14.0"
description = "A pure-Python, bring-your-own-I/O implementation of HTTP/1.1"
optional = false
python-versions = ">=3.7"
files = [
    {file = "h11-0.14.0-py3-none-any.whl", hash = "sha256:e3fe4ac4b851c468cc8363d500db52c2ead036020723024a109d37346efaa761"},
    {file = "h11-0.14.0.tar.gz", hash = "sha256:8f19fbbe99e72420ff35c00b27a34cb9937e902a8b810e2c88300c6f0a3b699d"},
]

[[package]]
name = "httpcore"
version = "1.0.2"
description = "A minimal low-level HTTP client."
optional = false
python-versions = ">=3.8"
files = [
    {file = "httpcore-1.0.2-py3-none-any.whl", hash = "sha256:096cc05bca73b8e459a1fc3dcf585148f63e534eae4339559c9b8a8d6399acc7"},
    {file = "httpcore-1.0.2.tar.gz", hash = "sha256:9fc092e4799b26174648e54b74ed5f683132a464e95643b226e00c2ed2fa6535"},
]

[package.dependencies]
certifi = "*"
h11 = ">=0.13,<0.15"

[package.extras]
asyncio = ["anyio (>=4.0,<5.0)"]
http2 = ["h2 (>=3,<5)"]
socks = ["socksio (==1.*)"]
trio = ["trio (>=0.22.0,<0.23.0)"]

[[package]]
name = "httpx"
version = "0.25.1"
description = "The next generation HTTP client."
optional = false
python-versions = ">=3.8"
files = [
    {file = "httpx-0.25.1-py3-none-any.whl", hash = "sha256:fec7d6cc5c27c578a391f7e87b9aa7d3d8fbcd034f6399f9f79b45bcc12a866a"},
    {file = "httpx-0.25.1.tar.gz", hash = "sha256:ffd96d5cf901e63863d9f1b4b6807861dbea4d301613415d9e6e57ead15fc5d0"},
]

[package.dependencies]
anyio = "*"
certifi = "*"
httpcore = "*"
idna = "*"
sniffio = "*"

[package.extras]
brotli = ["brotli", "brotlicffi"]
cli = ["click (==8.*)", "pygments (==2.*)", "rich (>=10,<14)"]
http2 = ["h2 (>=3,<5)"]
socks = ["socksio (==1.*)"]

[[package]]
name = "idna"
version = "3.4"
description = "Internationalized Domain Names in Applications (IDNA)"
optional = false
python-versions = ">=3.5"
files = [
    {file = "idna-3.4-py3-none-any.whl", hash = "sha256:90b77e79eaa3eba6de819a0c442c0b4ceefc341a7a2ab77d7562bf49f425c5c2"},
    {file = "idna-3.4.tar.gz", hash = "sha256:814f528e8dead7d329833b91c5faa87d60bf71824cd12a7530b5526063d02cb4"},
]

[[package]]
name = "loguru"
version = "0.7.2"
description = "Python logging made (stupidly) simple"
optional = false
python-versions = ">=3.5"
files = [
    {file = "loguru-0.7.2-py3-none-any.whl", hash = "sha256:003d71e3d3ed35f0f8984898359d65b79e5b21943f78af86aa5491210429b8eb"},
    {file = "loguru-0.7.2.tar.gz", hash = "sha256:e671a53522515f34fd406340ee968cb9ecafbc4b36c679da03c18fd8d0bd51ac"},
]

[package.dependencies]
colorama = {version = ">=0.3.4", markers = "sys_platform == \"win32\""}
win32-setctime = {version = ">=1.0.0", markers = "sys_platform == \"win32\""}

[package.extras]
dev = ["Sphinx (==7.2.5)", "colorama (==0.4.5)", "colorama (==0.4.6)", "exceptiongroup (==1.1.3)", "freezegun (==1.1.0)", "freezegun (==1.2.2)", "mypy (==v0.910)", "mypy (==v0.971)", "mypy (==v1.4.1)", "mypy (==v1.5.1)", "pre-commit (==3.4.0)", "pytest (==6.1.2)", "pytest (==7.4.0)", "pytest-cov (==2.12.1)", "pytest-cov (==4.1.0)", "pytest-mypy-plugins (==1.9.3)", "pytest-mypy-plugins (==3.0.0)", "sphinx-autobuild (==2021.3.14)", "sphinx-rtd-theme (==1.3.0)", "tox (==3.27.1)", "tox (==4.11.0)"]

[[package]]
name = "nest-asyncio"
version = "1.5.8"
description = "Patch asyncio to allow nested event loops"
optional = false
python-versions = ">=3.5"
files = [
    {file = "nest_asyncio-1.5.8-py3-none-any.whl", hash = "sha256:accda7a339a70599cb08f9dd09a67e0c2ef8d8d6f4c07f96ab203f2ae254e48d"},
    {file = "nest_asyncio-1.5.8.tar.gz", hash = "sha256:25aa2ca0d2a5b5531956b9e273b45cf664cae2b145101d73b86b199978d48fdb"},
]

[[package]]
name = "psutil"
version = "5.9.6"
description = "Cross-platform lib for process and system monitoring in Python."
optional = false
python-versions = ">=2.7, !=3.0.*, !=3.1.*, !=3.2.*, !=3.3.*, !=3.4.*, !=3.5.*"
files = [
    {file = "psutil-5.9.6-cp27-cp27m-macosx_10_9_x86_64.whl", hash = "sha256:fb8a697f11b0f5994550555fcfe3e69799e5b060c8ecf9e2f75c69302cc35c0d"},
    {file = "psutil-5.9.6-cp27-cp27m-manylinux2010_i686.whl", hash = "sha256:91ecd2d9c00db9817a4b4192107cf6954addb5d9d67a969a4f436dbc9200f88c"},
    {file = "psutil-5.9.6-cp27-cp27m-manylinux2010_x86_64.whl", hash = "sha256:10e8c17b4f898d64b121149afb136c53ea8b68c7531155147867b7b1ac9e7e28"},
    {file = "psutil-5.9.6-cp27-cp27mu-manylinux2010_i686.whl", hash = "sha256:18cd22c5db486f33998f37e2bb054cc62fd06646995285e02a51b1e08da97017"},
    {file = "psutil-5.9.6-cp27-cp27mu-manylinux2010_x86_64.whl", hash = "sha256:ca2780f5e038379e520281e4c032dddd086906ddff9ef0d1b9dcf00710e5071c"},
    {file = "psutil-5.9.6-cp27-none-win32.whl", hash = "sha256:70cb3beb98bc3fd5ac9ac617a327af7e7f826373ee64c80efd4eb2856e5051e9"},
    {file = "psutil-5.9.6-cp27-none-win_amd64.whl", hash = "sha256:51dc3d54607c73148f63732c727856f5febec1c7c336f8f41fcbd6315cce76ac"},
    {file = "psutil-5.9.6-cp36-abi3-macosx_10_9_x86_64.whl", hash = "sha256:c69596f9fc2f8acd574a12d5f8b7b1ba3765a641ea5d60fb4736bf3c08a8214a"},
    {file = "psutil-5.9.6-cp36-abi3-manylinux_2_12_i686.manylinux2010_i686.manylinux_2_17_i686.manylinux2014_i686.whl", hash = "sha256:92e0cc43c524834af53e9d3369245e6cc3b130e78e26100d1f63cdb0abeb3d3c"},
    {file = "psutil-5.9.6-cp36-abi3-manylinux_2_12_x86_64.manylinux2010_x86_64.manylinux_2_17_x86_64.manylinux2014_x86_64.whl", hash = "sha256:748c9dd2583ed86347ed65d0035f45fa8c851e8d90354c122ab72319b5f366f4"},
    {file = "psutil-5.9.6-cp36-cp36m-win32.whl", hash = "sha256:3ebf2158c16cc69db777e3c7decb3c0f43a7af94a60d72e87b2823aebac3d602"},
    {file = "psutil-5.9.6-cp36-cp36m-win_amd64.whl", hash = "sha256:ff18b8d1a784b810df0b0fff3bcb50ab941c3b8e2c8de5726f9c71c601c611aa"},
    {file = "psutil-5.9.6-cp37-abi3-win32.whl", hash = "sha256:a6f01f03bf1843280f4ad16f4bde26b817847b4c1a0db59bf6419807bc5ce05c"},
    {file = "psutil-5.9.6-cp37-abi3-win_amd64.whl", hash = "sha256:6e5fb8dc711a514da83098bc5234264e551ad980cec5f85dabf4d38ed6f15e9a"},
    {file = "psutil-5.9.6-cp38-abi3-macosx_11_0_arm64.whl", hash = "sha256:daecbcbd29b289aac14ece28eca6a3e60aa361754cf6da3dfb20d4d32b6c7f57"},
    {file = "psutil-5.9.6.tar.gz", hash = "sha256:e4b92ddcd7dd4cdd3f900180ea1e104932c7bce234fb88976e2a3b296441225a"},
]

[package.extras]
test = ["enum34", "ipaddress", "mock", "pywin32", "wmi"]

[[package]]
name = "pydantic"
version = "2.5.1"
description = "Data validation using Python type hints"
optional = false
python-versions = ">=3.7"
files = [
    {file = "pydantic-2.5.1-py3-none-any.whl", hash = "sha256:dc5244a8939e0d9a68f1f1b5f550b2e1c879912033b1becbedb315accc75441b"},
    {file = "pydantic-2.5.1.tar.gz", hash = "sha256:0b8be5413c06aadfbe56f6dc1d45c9ed25fd43264414c571135c97dd77c2bedb"},
]

[package.dependencies]
annotated-types = ">=0.4.0"
pydantic-core = "2.14.3"
typing-extensions = ">=4.6.1"

[package.extras]
email = ["email-validator (>=2.0.0)"]

[[package]]
name = "pydantic-core"
version = "2.14.3"
description = ""
optional = false
python-versions = ">=3.7"
files = [
    {file = "pydantic_core-2.14.3-cp310-cp310-macosx_10_7_x86_64.whl", hash = "sha256:ba44fad1d114539d6a1509966b20b74d2dec9a5b0ee12dd7fd0a1bb7b8785e5f"},
    {file = "pydantic_core-2.14.3-cp310-cp310-macosx_11_0_arm64.whl", hash = "sha256:4a70d23eedd88a6484aa79a732a90e36701048a1509078d1b59578ef0ea2cdf5"},
    {file = "pydantic_core-2.14.3-cp310-cp310-manylinux_2_17_aarch64.manylinux2014_aarch64.whl", hash = "sha256:7cc24728a1a9cef497697e53b3d085fb4d3bc0ef1ef4d9b424d9cf808f52c146"},
    {file = "pydantic_core-2.14.3-cp310-cp310-manylinux_2_17_armv7l.manylinux2014_armv7l.whl", hash = "sha256:ab4a2381005769a4af2ffddae74d769e8a4aae42e970596208ec6d615c6fb080"},
    {file = "pydantic_core-2.14.3-cp310-cp310-manylinux_2_17_ppc64le.manylinux2014_ppc64le.whl", hash = "sha256:905a12bf088d6fa20e094f9a477bf84bd823651d8b8384f59bcd50eaa92e6a52"},
    {file = "pydantic_core-2.14.3-cp310-cp310-manylinux_2_17_s390x.manylinux2014_s390x.whl", hash = "sha256:38aed5a1bbc3025859f56d6a32f6e53ca173283cb95348e03480f333b1091e7d"},
    {file = "pydantic_core-2.14.3-cp310-cp310-manylinux_2_17_x86_64.manylinux2014_x86_64.whl", hash = "sha256:1767bd3f6370458e60c1d3d7b1d9c2751cc1ad743434e8ec84625a610c8b9195"},
    {file = "pydantic_core-2.14.3-cp310-cp310-manylinux_2_5_i686.manylinux1_i686.whl", hash = "sha256:7cb0c397f29688a5bd2c0dbd44451bc44ebb9b22babc90f97db5ec3e5bb69977"},
    {file = "pydantic_core-2.14.3-cp310-cp310-musllinux_1_1_aarch64.whl", hash = "sha256:9ff737f24b34ed26de62d481ef522f233d3c5927279f6b7229de9b0deb3f76b5"},
    {file = "pydantic_core-2.14.3-cp310-cp310-musllinux_1_1_x86_64.whl", hash = "sha256:a1a39fecb5f0b19faee9a8a8176c805ed78ce45d760259a4ff3d21a7daa4dfc1"},
    {file = "pydantic_core-2.14.3-cp310-none-win32.whl", hash = "sha256:ccbf355b7276593c68fa824030e68cb29f630c50e20cb11ebb0ee450ae6b3d08"},
    {file = "pydantic_core-2.14.3-cp310-none-win_amd64.whl", hash = "sha256:536e1f58419e1ec35f6d1310c88496f0d60e4f182cacb773d38076f66a60b149"},
    {file = "pydantic_core-2.14.3-cp311-cp311-macosx_10_7_x86_64.whl", hash = "sha256:f1f46700402312bdc31912f6fc17f5ecaaaa3bafe5487c48f07c800052736289"},
    {file = "pydantic_core-2.14.3-cp311-cp311-macosx_11_0_arm64.whl", hash = "sha256:88ec906eb2d92420f5b074f59cf9e50b3bb44f3cb70e6512099fdd4d88c2f87c"},
    {file = "pydantic_core-2.14.3-cp311-cp311-manylinux_2_17_aarch64.manylinux2014_aarch64.whl", hash = "sha256:056ea7cc3c92a7d2a14b5bc9c9fa14efa794d9f05b9794206d089d06d3433dc7"},
    {file = "pydantic_core-2.14.3-cp311-cp311-manylinux_2_17_armv7l.manylinux2014_armv7l.whl", hash = "sha256:076edc972b68a66870cec41a4efdd72a6b655c4098a232314b02d2bfa3bfa157"},
    {file = "pydantic_core-2.14.3-cp311-cp311-manylinux_2_17_ppc64le.manylinux2014_ppc64le.whl", hash = "sha256:e71f666c3bf019f2490a47dddb44c3ccea2e69ac882f7495c68dc14d4065eac2"},
    {file = "pydantic_core-2.14.3-cp311-cp311-manylinux_2_17_s390x.manylinux2014_s390x.whl", hash = "sha256:f518eac285c9632be337323eef9824a856f2680f943a9b68ac41d5f5bad7df7c"},
    {file = "pydantic_core-2.14.3-cp311-cp311-manylinux_2_17_x86_64.manylinux2014_x86_64.whl", hash = "sha256:9dbab442a8d9ca918b4ed99db8d89d11b1f067a7dadb642476ad0889560dac79"},
    {file = "pydantic_core-2.14.3-cp311-cp311-manylinux_2_5_i686.manylinux1_i686.whl", hash = "sha256:0653fb9fc2fa6787f2fa08631314ab7fc8070307bd344bf9471d1b7207c24623"},
    {file = "pydantic_core-2.14.3-cp311-cp311-musllinux_1_1_aarch64.whl", hash = "sha256:c54af5069da58ea643ad34ff32fd6bc4eebb8ae0fef9821cd8919063e0aeeaab"},
    {file = "pydantic_core-2.14.3-cp311-cp311-musllinux_1_1_x86_64.whl", hash = "sha256:cc956f78651778ec1ab105196e90e0e5f5275884793ab67c60938c75bcca3989"},
    {file = "pydantic_core-2.14.3-cp311-none-win32.whl", hash = "sha256:5b73441a1159f1fb37353aaefb9e801ab35a07dd93cb8177504b25a317f4215a"},
    {file = "pydantic_core-2.14.3-cp311-none-win_amd64.whl", hash = "sha256:7349f99f1ef8b940b309179733f2cad2e6037a29560f1b03fdc6aa6be0a8d03c"},
    {file = "pydantic_core-2.14.3-cp311-none-win_arm64.whl", hash = "sha256:ec79dbe23702795944d2ae4c6925e35a075b88acd0d20acde7c77a817ebbce94"},
    {file = "pydantic_core-2.14.3-cp312-cp312-macosx_10_7_x86_64.whl", hash = "sha256:8f5624f0f67f2b9ecaa812e1dfd2e35b256487566585160c6c19268bf2ffeccc"},
    {file = "pydantic_core-2.14.3-cp312-cp312-macosx_11_0_arm64.whl", hash = "sha256:6c2d118d1b6c9e2d577e215567eedbe11804c3aafa76d39ec1f8bc74e918fd07"},
    {file = "pydantic_core-2.14.3-cp312-cp312-manylinux_2_17_aarch64.manylinux2014_aarch64.whl", hash = "sha256:fe863491664c6720d65ae438d4efaa5eca766565a53adb53bf14bc3246c72fe0"},
    {file = "pydantic_core-2.14.3-cp312-cp312-manylinux_2_17_armv7l.manylinux2014_armv7l.whl", hash = "sha256:136bc7247e97a921a020abbd6ef3169af97569869cd6eff41b6a15a73c44ea9b"},
    {file = "pydantic_core-2.14.3-cp312-cp312-manylinux_2_17_ppc64le.manylinux2014_ppc64le.whl", hash = "sha256:aeafc7f5bbddc46213707266cadc94439bfa87ecf699444de8be044d6d6eb26f"},
    {file = "pydantic_core-2.14.3-cp312-cp312-manylinux_2_17_s390x.manylinux2014_s390x.whl", hash = "sha256:e16aaf788f1de5a85c8f8fcc9c1ca1dd7dd52b8ad30a7889ca31c7c7606615b8"},
    {file = "pydantic_core-2.14.3-cp312-cp312-manylinux_2_17_x86_64.manylinux2014_x86_64.whl", hash = "sha256:f8fc652c354d3362e2932a79d5ac4bbd7170757a41a62c4fe0f057d29f10bebb"},
    {file = "pydantic_core-2.14.3-cp312-cp312-manylinux_2_5_i686.manylinux1_i686.whl", hash = "sha256:f1b92e72babfd56585c75caf44f0b15258c58e6be23bc33f90885cebffde3400"},
    {file = "pydantic_core-2.14.3-cp312-cp312-musllinux_1_1_aarch64.whl", hash = "sha256:75f3f534f33651b73f4d3a16d0254de096f43737d51e981478d580f4b006b427"},
    {file = "pydantic_core-2.14.3-cp312-cp312-musllinux_1_1_x86_64.whl", hash = "sha256:c9ffd823c46e05ef3eb28b821aa7bc501efa95ba8880b4a1380068e32c5bed47"},
    {file = "pydantic_core-2.14.3-cp312-none-win32.whl", hash = "sha256:12e05a76b223577a4696c76d7a6b36a0ccc491ffb3c6a8cf92d8001d93ddfd63"},
    {file = "pydantic_core-2.14.3-cp312-none-win_amd64.whl", hash = "sha256:1582f01eaf0537a696c846bea92082082b6bfc1103a88e777e983ea9fbdc2a0f"},
    {file = "pydantic_core-2.14.3-cp312-none-win_arm64.whl", hash = "sha256:96fb679c7ca12a512d36d01c174a4fbfd912b5535cc722eb2c010c7b44eceb8e"},
    {file = "pydantic_core-2.14.3-cp37-cp37m-macosx_10_7_x86_64.whl", hash = "sha256:71ed769b58d44e0bc2701aa59eb199b6665c16e8a5b8b4a84db01f71580ec448"},
    {file = "pydantic_core-2.14.3-cp37-cp37m-macosx_11_0_arm64.whl", hash = "sha256:5402ee0f61e7798ea93a01b0489520f2abfd9b57b76b82c93714c4318c66ca06"},
    {file = "pydantic_core-2.14.3-cp37-cp37m-manylinux_2_17_aarch64.manylinux2014_aarch64.whl", hash = "sha256:eaab9dc009e22726c62fe3b850b797e7f0e7ba76d245284d1064081f512c7226"},
    {file = "pydantic_core-2.14.3-cp37-cp37m-manylinux_2_17_armv7l.manylinux2014_armv7l.whl", hash = "sha256:92486a04d54987054f8b4405a9af9d482e5100d6fe6374fc3303015983fc8bda"},
    {file = "pydantic_core-2.14.3-cp37-cp37m-manylinux_2_17_ppc64le.manylinux2014_ppc64le.whl", hash = "sha256:cf08b43d1d5d1678f295f0431a4a7e1707d4652576e1d0f8914b5e0213bfeee5"},
    {file = "pydantic_core-2.14.3-cp37-cp37m-manylinux_2_17_s390x.manylinux2014_s390x.whl", hash = "sha256:a8ca13480ce16daad0504be6ce893b0ee8ec34cd43b993b754198a89e2787f7e"},
    {file = "pydantic_core-2.14.3-cp37-cp37m-manylinux_2_17_x86_64.manylinux2014_x86_64.whl", hash = "sha256:44afa3c18d45053fe8d8228950ee4c8eaf3b5a7f3b64963fdeac19b8342c987f"},
    {file = "pydantic_core-2.14.3-cp37-cp37m-manylinux_2_5_i686.manylinux1_i686.whl", hash = "sha256:56814b41486e2d712a8bc02a7b1f17b87fa30999d2323bbd13cf0e52296813a1"},
    {file = "pydantic_core-2.14.3-cp37-cp37m-musllinux_1_1_aarch64.whl", hash = "sha256:c3dc2920cc96f9aa40c6dc54256e436cc95c0a15562eb7bd579e1811593c377e"},
    {file = "pydantic_core-2.14.3-cp37-cp37m-musllinux_1_1_x86_64.whl", hash = "sha256:e483b8b913fcd3b48badec54185c150cb7ab0e6487914b84dc7cde2365e0c892"},
    {file = "pydantic_core-2.14.3-cp37-none-win32.whl", hash = "sha256:364dba61494e48f01ef50ae430e392f67ee1ee27e048daeda0e9d21c3ab2d609"},
    {file = "pydantic_core-2.14.3-cp37-none-win_amd64.whl", hash = "sha256:a402ae1066be594701ac45661278dc4a466fb684258d1a2c434de54971b006ca"},
    {file = "pydantic_core-2.14.3-cp38-cp38-macosx_10_7_x86_64.whl", hash = "sha256:10904368261e4509c091cbcc067e5a88b070ed9a10f7ad78f3029c175487490f"},
    {file = "pydantic_core-2.14.3-cp38-cp38-macosx_11_0_arm64.whl", hash = "sha256:260692420028319e201b8649b13ac0988974eeafaaef95d0dfbf7120c38dc000"},
    {file = "pydantic_core-2.14.3-cp38-cp38-manylinux_2_17_aarch64.manylinux2014_aarch64.whl", hash = "sha256:3c1bf1a7b05a65d3b37a9adea98e195e0081be6b17ca03a86f92aeb8b110f468"},
    {file = "pydantic_core-2.14.3-cp38-cp38-manylinux_2_17_armv7l.manylinux2014_armv7l.whl", hash = "sha256:d7abd17a838a52140e3aeca271054e321226f52df7e0a9f0da8f91ea123afe98"},
    {file = "pydantic_core-2.14.3-cp38-cp38-manylinux_2_17_ppc64le.manylinux2014_ppc64le.whl", hash = "sha256:a5c51460ede609fbb4fa883a8fe16e749964ddb459966d0518991ec02eb8dfb9"},
    {file = "pydantic_core-2.14.3-cp38-cp38-manylinux_2_17_s390x.manylinux2014_s390x.whl", hash = "sha256:d06c78074646111fb01836585f1198367b17d57c9f427e07aaa9ff499003e58d"},
    {file = "pydantic_core-2.14.3-cp38-cp38-manylinux_2_17_x86_64.manylinux2014_x86_64.whl", hash = "sha256:af452e69446fadf247f18ac5d153b1f7e61ef708f23ce85d8c52833748c58075"},
    {file = "pydantic_core-2.14.3-cp38-cp38-manylinux_2_5_i686.manylinux1_i686.whl", hash = "sha256:e3ad4968711fb379a67c8c755beb4dae8b721a83737737b7bcee27c05400b047"},
    {file = "pydantic_core-2.14.3-cp38-cp38-musllinux_1_1_aarch64.whl", hash = "sha256:c5ea0153482e5b4d601c25465771c7267c99fddf5d3f3bdc238ef930e6d051cf"},
    {file = "pydantic_core-2.14.3-cp38-cp38-musllinux_1_1_x86_64.whl", hash = "sha256:96eb10ef8920990e703da348bb25fedb8b8653b5966e4e078e5be382b430f9e0"},
    {file = "pydantic_core-2.14.3-cp38-none-win32.whl", hash = "sha256:ea1498ce4491236d1cffa0eee9ad0968b6ecb0c1cd711699c5677fc689905f00"},
    {file = "pydantic_core-2.14.3-cp38-none-win_amd64.whl", hash = "sha256:2bc736725f9bd18a60eec0ed6ef9b06b9785454c8d0105f2be16e4d6274e63d0"},
    {file = "pydantic_core-2.14.3-cp39-cp39-macosx_10_7_x86_64.whl", hash = "sha256:1ea992659c03c3ea811d55fc0a997bec9dde863a617cc7b25cfde69ef32e55af"},
    {file = "pydantic_core-2.14.3-cp39-cp39-macosx_11_0_arm64.whl", hash = "sha256:d2b53e1f851a2b406bbb5ac58e16c4a5496038eddd856cc900278fa0da97f3fc"},
    {file = "pydantic_core-2.14.3-cp39-cp39-manylinux_2_17_aarch64.manylinux2014_aarch64.whl", hash = "sha256:0c7f8e8a7cf8e81ca7d44bea4f181783630959d41b4b51d2f74bc50f348a090f"},
    {file = "pydantic_core-2.14.3-cp39-cp39-manylinux_2_17_armv7l.manylinux2014_armv7l.whl", hash = "sha256:8d3b9c91eeb372a64ec6686c1402afd40cc20f61a0866850f7d989b6bf39a41a"},
    {file = "pydantic_core-2.14.3-cp39-cp39-manylinux_2_17_ppc64le.manylinux2014_ppc64le.whl", hash = "sha256:9ef3e2e407e4cad2df3c89488a761ed1f1c33f3b826a2ea9a411b0a7d1cccf1b"},
    {file = "pydantic_core-2.14.3-cp39-cp39-manylinux_2_17_s390x.manylinux2014_s390x.whl", hash = "sha256:f86f20a9d5bee1a6ede0f2757b917bac6908cde0f5ad9fcb3606db1e2968bcf5"},
    {file = "pydantic_core-2.14.3-cp39-cp39-manylinux_2_17_x86_64.manylinux2014_x86_64.whl", hash = "sha256:61beaa79d392d44dc19d6f11ccd824d3cccb865c4372157c40b92533f8d76dd0"},
    {file = "pydantic_core-2.14.3-cp39-cp39-manylinux_2_5_i686.manylinux1_i686.whl", hash = "sha256:d41df8e10b094640a6b234851b624b76a41552f637b9fb34dc720b9fe4ef3be4"},
    {file = "pydantic_core-2.14.3-cp39-cp39-musllinux_1_1_aarch64.whl", hash = "sha256:2c08ac60c3caa31f825b5dbac47e4875bd4954d8f559650ad9e0b225eaf8ed0c"},
    {file = "pydantic_core-2.14.3-cp39-cp39-musllinux_1_1_x86_64.whl", hash = "sha256:98d8b3932f1a369364606417ded5412c4ffb15bedbcf797c31317e55bd5d920e"},
    {file = "pydantic_core-2.14.3-cp39-none-win32.whl", hash = "sha256:caa94726791e316f0f63049ee00dff3b34a629b0d099f3b594770f7d0d8f1f56"},
    {file = "pydantic_core-2.14.3-cp39-none-win_amd64.whl", hash = "sha256:2494d20e4c22beac30150b4be3b8339bf2a02ab5580fa6553ca274bc08681a65"},
    {file = "pydantic_core-2.14.3-pp310-pypy310_pp73-macosx_10_7_x86_64.whl", hash = "sha256:fe272a72c7ed29f84c42fedd2d06c2f9858dc0c00dae3b34ba15d6d8ae0fbaaf"},
    {file = "pydantic_core-2.14.3-pp310-pypy310_pp73-macosx_11_0_arm64.whl", hash = "sha256:7e63a56eb7fdee1587d62f753ccd6d5fa24fbeea57a40d9d8beaef679a24bdd6"},
    {file = "pydantic_core-2.14.3-pp310-pypy310_pp73-manylinux_2_17_aarch64.manylinux2014_aarch64.whl", hash = "sha256:b7692f539a26265cece1e27e366df5b976a6db6b1f825a9e0466395b314ee48b"},
    {file = "pydantic_core-2.14.3-pp310-pypy310_pp73-manylinux_2_17_x86_64.manylinux2014_x86_64.whl", hash = "sha256:af46f0b7a1342b49f208fed31f5a83b8495bb14b652f621e0a6787d2f10f24ee"},
    {file = "pydantic_core-2.14.3-pp310-pypy310_pp73-manylinux_2_5_i686.manylinux1_i686.whl", hash = "sha256:6e2f9d76c00e805d47f19c7a96a14e4135238a7551a18bfd89bb757993fd0933"},
    {file = "pydantic_core-2.14.3-pp310-pypy310_pp73-musllinux_1_1_aarch64.whl", hash = "sha256:de52ddfa6e10e892d00f747bf7135d7007302ad82e243cf16d89dd77b03b649d"},
    {file = "pydantic_core-2.14.3-pp310-pypy310_pp73-musllinux_1_1_x86_64.whl", hash = "sha256:38113856c7fad8c19be7ddd57df0c3e77b1b2336459cb03ee3903ce9d5e236ce"},
    {file = "pydantic_core-2.14.3-pp310-pypy310_pp73-win_amd64.whl", hash = "sha256:354db020b1f8f11207b35360b92d95725621eb92656725c849a61e4b550f4acc"},
    {file = "pydantic_core-2.14.3-pp37-pypy37_pp73-macosx_10_7_x86_64.whl", hash = "sha256:76fc18653a5c95e5301a52d1b5afb27c9adc77175bf00f73e94f501caf0e05ad"},
    {file = "pydantic_core-2.14.3-pp37-pypy37_pp73-manylinux_2_17_aarch64.manylinux2014_aarch64.whl", hash = "sha256:2646f8270f932d79ba61102a15ea19a50ae0d43b314e22b3f8f4b5fabbfa6e38"},
    {file = "pydantic_core-2.14.3-pp37-pypy37_pp73-manylinux_2_17_x86_64.manylinux2014_x86_64.whl", hash = "sha256:37dad73a2f82975ed563d6a277fd9b50e5d9c79910c4aec787e2d63547202315"},
    {file = "pydantic_core-2.14.3-pp37-pypy37_pp73-manylinux_2_5_i686.manylinux1_i686.whl", hash = "sha256:113752a55a8eaece2e4ac96bc8817f134c2c23477e477d085ba89e3aa0f4dc44"},
    {file = "pydantic_core-2.14.3-pp37-pypy37_pp73-musllinux_1_1_aarch64.whl", hash = "sha256:8488e973547e8fb1b4193fd9faf5236cf1b7cd5e9e6dc7ff6b4d9afdc4c720cb"},
    {file = "pydantic_core-2.14.3-pp37-pypy37_pp73-musllinux_1_1_x86_64.whl", hash = "sha256:3d1dde10bd9962b1434053239b1d5490fc31a2b02d8950a5f731bc584c7a5a0f"},
    {file = "pydantic_core-2.14.3-pp38-pypy38_pp73-macosx_10_7_x86_64.whl", hash = "sha256:2c83892c7bf92b91d30faca53bb8ea21f9d7e39f0ae4008ef2c2f91116d0464a"},
    {file = "pydantic_core-2.14.3-pp38-pypy38_pp73-macosx_11_0_arm64.whl", hash = "sha256:849cff945284c577c5f621d2df76ca7b60f803cc8663ff01b778ad0af0e39bb9"},
    {file = "pydantic_core-2.14.3-pp38-pypy38_pp73-manylinux_2_17_aarch64.manylinux2014_aarch64.whl", hash = "sha256:4aa89919fbd8a553cd7d03bf23d5bc5deee622e1b5db572121287f0e64979476"},
    {file = "pydantic_core-2.14.3-pp38-pypy38_pp73-manylinux_2_17_x86_64.manylinux2014_x86_64.whl", hash = "sha256:bf15145b1f8056d12c67255cd3ce5d317cd4450d5ee747760d8d088d85d12a2d"},
    {file = "pydantic_core-2.14.3-pp38-pypy38_pp73-manylinux_2_5_i686.manylinux1_i686.whl", hash = "sha256:4cc6bb11f4e8e5ed91d78b9880774fbc0856cb226151b0a93b549c2b26a00c19"},
    {file = "pydantic_core-2.14.3-pp38-pypy38_pp73-musllinux_1_1_aarch64.whl", hash = "sha256:832d16f248ca0cc96929139734ec32d21c67669dcf8a9f3f733c85054429c012"},
    {file = "pydantic_core-2.14.3-pp38-pypy38_pp73-musllinux_1_1_x86_64.whl", hash = "sha256:b02b5e1f54c3396c48b665050464803c23c685716eb5d82a1d81bf81b5230da4"},
    {file = "pydantic_core-2.14.3-pp38-pypy38_pp73-win_amd64.whl", hash = "sha256:1f2d4516c32255782153e858f9a900ca6deadfb217fd3fb21bb2b60b4e04d04d"},
    {file = "pydantic_core-2.14.3-pp39-pypy39_pp73-macosx_10_7_x86_64.whl", hash = "sha256:0a3e51c2be472b7867eb0c5d025b91400c2b73a0823b89d4303a9097e2ec6655"},
    {file = "pydantic_core-2.14.3-pp39-pypy39_pp73-macosx_11_0_arm64.whl", hash = "sha256:df33902464410a1f1a0411a235f0a34e7e129f12cb6340daca0f9d1390f5fe10"},
    {file = "pydantic_core-2.14.3-pp39-pypy39_pp73-manylinux_2_17_aarch64.manylinux2014_aarch64.whl", hash = "sha256:27828f0227b54804aac6fb077b6bb48e640b5435fdd7fbf0c274093a7b78b69c"},
    {file = "pydantic_core-2.14.3-pp39-pypy39_pp73-manylinux_2_17_x86_64.manylinux2014_x86_64.whl", hash = "sha256:1e2979dc80246e18e348de51246d4c9b410186ffa3c50e77924bec436b1e36cb"},
    {file = "pydantic_core-2.14.3-pp39-pypy39_pp73-manylinux_2_5_i686.manylinux1_i686.whl", hash = "sha256:b28996872b48baf829ee75fa06998b607c66a4847ac838e6fd7473a6b2ab68e7"},
    {file = "pydantic_core-2.14.3-pp39-pypy39_pp73-musllinux_1_1_aarch64.whl", hash = "sha256:ca55c9671bb637ce13d18ef352fd32ae7aba21b4402f300a63f1fb1fd18e0364"},
    {file = "pydantic_core-2.14.3-pp39-pypy39_pp73-musllinux_1_1_x86_64.whl", hash = "sha256:aecd5ed096b0e5d93fb0367fd8f417cef38ea30b786f2501f6c34eabd9062c38"},
    {file = "pydantic_core-2.14.3-pp39-pypy39_pp73-win_amd64.whl", hash = "sha256:44aaf1a07ad0824e407dafc637a852e9a44d94664293bbe7d8ee549c356c8882"},
    {file = "pydantic_core-2.14.3.tar.gz", hash = "sha256:3ad083df8fe342d4d8d00cc1d3c1a23f0dc84fce416eb301e69f1ddbbe124d3f"},
]

[package.dependencies]
typing-extensions = ">=4.6.0,<4.7.0 || >4.7.0"

[[package]]
name = "python-dotenv"
version = "1.0.0"
description = "Read key-value pairs from a .env file and set them as environment variables"
optional = false
python-versions = ">=3.8"
files = [
    {file = "python-dotenv-1.0.0.tar.gz", hash = "sha256:a8df96034aae6d2d50a4ebe8216326c61c3eb64836776504fcca410e5937a3ba"},
    {file = "python_dotenv-1.0.0-py3-none-any.whl", hash = "sha256:f5971a9226b701070a4bf2c38c89e5a3f0d64de8debda981d1db98583009122a"},
]

[package.extras]
cli = ["click (>=5.0)"]

[[package]]
name = "python-telegram-bot"
version = "20.6"
description = "We have made you a wrapper you can't refuse"
optional = false
python-versions = ">=3.8"
files = [
    {file = "python-telegram-bot-20.6.tar.gz", hash = "sha256:c6951dc6b9368d80a17b5d0496ced39bca2c9bafab06cbfdae6226493d8b06fe"},
    {file = "python_telegram_bot-20.6-py3-none-any.whl", hash = "sha256:be8ebda350fd0c69c3ebdd7ce87b1e6f8b3fb1d218a193dd821d1d6285b9f649"},
]

[package.dependencies]
APScheduler = {version = ">=3.10.4,<3.11.0", optional = true, markers = "extra == \"job-queue\""}
httpx = ">=0.25.0,<0.26.0"
pytz = {version = ">=2018.6", optional = true, markers = "extra == \"job-queue\""}

[package.extras]
all = ["APScheduler (>=3.10.4,<3.11.0)", "aiolimiter (>=1.1.0,<1.2.0)", "cachetools (>=5.3.1,<5.4.0)", "cryptography (>=39.0.1)", "httpx[http2]", "httpx[socks]", "pytz (>=2018.6)", "tornado (>=6.3.3,<6.4.0)"]
callback-data = ["cachetools (>=5.3.1,<5.4.0)"]
ext = ["APScheduler (>=3.10.4,<3.11.0)", "aiolimiter (>=1.1.0,<1.2.0)", "cachetools (>=5.3.1,<5.4.0)", "pytz (>=2018.6)", "tornado (>=6.3.3,<6.4.0)"]
http2 = ["httpx[http2]"]
job-queue = ["APScheduler (>=3.10.4,<3.11.0)", "pytz (>=2018.6)"]
passport = ["cryptography (>=39.0.1)"]
rate-limiter = ["aiolimiter (>=1.1.0,<1.2.0)"]
socks = ["httpx[socks]"]
webhooks = ["tornado (>=6.3.3,<6.4.0)"]

[[package]]
name = "pytz"
version = "2023.3.post1"
description = "World timezone definitions, modern and historical"
optional = false
python-versions = "*"
files = [
    {file = "pytz-2023.3.post1-py2.py3-none-any.whl", hash = "sha256:ce42d816b81b68506614c11e8937d3aa9e41007ceb50bfdcb0749b921bf646c7"},
    {file = "pytz-2023.3.post1.tar.gz", hash = "sha256:7b4fddbeb94a1eba4b557da24f19fdf9db575192544270a9101d8509f9f43d7b"},
]

[[package]]
name = "six"
version = "1.16.0"
description = "Python 2 and 3 compatibility utilities"
optional = false
python-versions = ">=2.7, !=3.0.*, !=3.1.*, !=3.2.*"
files = [
    {file = "six-1.16.0-py2.py3-none-any.whl", hash = "sha256:8abb2f1d86890a2dfb989f9a77cfcfd3e47c2a354b01111771326f8aa26e0254"},
    {file = "six-1.16.0.tar.gz", hash = "sha256:1e61c37477a1626458e36f7b1d82aa5c9b094fa4802892072e49de9c60c4c926"},
]

[[package]]
name = "sniffio"
version = "1.3.0"
description = "Sniff out which async library your code is running under"
optional = false
python-versions = ">=3.7"
files = [
    {file = "sniffio-1.3.0-py3-none-any.whl", hash = "sha256:eecefdce1e5bbfb7ad2eeaabf7c1eeb404d7757c379bd1f7e5cce9d8bf425384"},
    {file = "sniffio-1.3.0.tar.gz", hash = "sha256:e60305c5e5d314f5389259b7f22aaa33d8f7dee49763119234af3755c55b9101"},
]

[[package]]
name = "starlette"
version = "0.27.0"
description = "The little ASGI library that shines."
optional = false
python-versions = ">=3.7"
files = [
    {file = "starlette-0.27.0-py3-none-any.whl", hash = "sha256:918416370e846586541235ccd38a474c08b80443ed31c578a418e2209b3eef91"},
    {file = "starlette-0.27.0.tar.gz", hash = "sha256:6a6b0d042acb8d469a01eba54e9cda6cbd24ac602c4cd016723117d6a7e73b75"},
]

[package.dependencies]
anyio = ">=3.4.0,<5"

[package.extras]
full = ["httpx (>=0.22.0)", "itsdangerous", "jinja2", "python-multipart", "pyyaml"]

[[package]]
name = "typing-extensions"
version = "4.8.0"
description = "Backported and Experimental Type Hints for Python 3.8+"
optional = false
python-versions = ">=3.8"
files = [
    {file = "typing_extensions-4.8.0-py3-none-any.whl", hash = "sha256:8f92fc8806f9a6b641eaa5318da32b44d401efaac0f6678c9bc448ba3605faa0"},
    {file = "typing_extensions-4.8.0.tar.gz", hash = "sha256:df8e4339e9cb77357558cbdbceca33c303714cf861d1eef15e1070055ae8b7ef"},
]

[[package]]
name = "tzdata"
version = "2023.3"
description = "Provider of IANA time zone data"
optional = false
python-versions = ">=2"
files = [
    {file = "tzdata-2023.3-py2.py3-none-any.whl", hash = "sha256:7e65763eef3120314099b6939b5546db7adce1e7d6f2e179e3df563c70511eda"},
    {file = "tzdata-2023.3.tar.gz", hash = "sha256:11ef1e08e54acb0d4f95bdb1be05da659673de4acbd21bf9c69e94cc5e907a3a"},
]

[[package]]
name = "tzlocal"
version = "5.2"
description = "tzinfo object for the local timezone"
optional = false
python-versions = ">=3.8"
files = [
    {file = "tzlocal-5.2-py3-none-any.whl", hash = "sha256:49816ef2fe65ea8ac19d19aa7a1ae0551c834303d5014c6d5a62e4cbda8047b8"},
    {file = "tzlocal-5.2.tar.gz", hash = "sha256:8d399205578f1a9342816409cc1e46a93ebd5755e39ea2d85334bea911bf0e6e"},
]

[package.dependencies]
tzdata = {version = "*", markers = "platform_system == \"Windows\""}

[package.extras]
devenv = ["check-manifest", "pytest (>=4.3)", "pytest-cov", "pytest-mock (>=3.3)", "zest.releaser"]

[[package]]
name = "uvicorn"
version = "0.23.2"
description = "The lightning-fast ASGI server."
optional = false
python-versions = ">=3.8"
files = [
    {file = "uvicorn-0.23.2-py3-none-any.whl", hash = "sha256:1f9be6558f01239d4fdf22ef8126c39cb1ad0addf76c40e760549d2c2f43ab53"},
    {file = "uvicorn-0.23.2.tar.gz", hash = "sha256:4d3cc12d7727ba72b64d12d3cc7743124074c0a69f7b201512fc50c3e3f1569a"},
]

[package.dependencies]
click = ">=7.0"
h11 = ">=0.8"

[package.extras]
standard = ["colorama (>=0.4)", "httptools (>=0.5.0)", "python-dotenv (>=0.13)", "pyyaml (>=5.1)", "uvloop (>=0.14.0,!=0.15.0,!=0.15.1)", "watchfiles (>=0.13)", "websockets (>=10.4)"]

[[package]]
name = "win32-setctime"
version = "1.1.0"
description = "A small Python utility to set file creation time on Windows"
optional = false
python-versions = ">=3.5"
files = [
    {file = "win32_setctime-1.1.0-py3-none-any.whl", hash = "sha256:231db239e959c2fe7eb1d7dc129f11172354f98361c4fa2d6d2d7e278baa8aad"},
    {file = "win32_setctime-1.1.0.tar.gz", hash = "sha256:15cf5750465118d6929ae4de4eb46e8edae9a5634350c01ba582df868e932cb2"},
]

[package.extras]
dev = ["black (>=19.3b0)", "pytest (>=4.6.2)"]

[metadata]
lock-version = "2.0"
python-versions = "^3.11"
content-hash = "3d835344cec4545209ad9c377039733a3176245cd2380ed6391ad7b178f98cc5"
